// !$*UTF8*$!
{
	archiveVersion = 1;
	classes = {
	};
	objectVersion = 46;
	objects = {

/* Begin PBXBuildFile section */
		4F5C33081BA5C6BB00C0FF31 /* AppDelegate.swift in Sources */ = {isa = PBXBuildFile; fileRef = 4F5C33071BA5C6BB00C0FF31 /* AppDelegate.swift */; };
		4F5C330D1BA5C6BB00C0FF31 /* Main.storyboard in Resources */ = {isa = PBXBuildFile; fileRef = 4F5C330B1BA5C6BB00C0FF31 /* Main.storyboard */; };
		4F5C330F1BA5C6BB00C0FF31 /* Images.xcassets in Resources */ = {isa = PBXBuildFile; fileRef = 4F5C330E1BA5C6BB00C0FF31 /* Images.xcassets */; };
		4F5C33121BA5C6BB00C0FF31 /* LaunchScreen.xib in Resources */ = {isa = PBXBuildFile; fileRef = 4F5C33101BA5C6BB00C0FF31 /* LaunchScreen.xib */; };
		4F5C331E1BA5C6BB00C0FF31 /* Rotten_TomatoesTests.swift in Sources */ = {isa = PBXBuildFile; fileRef = 4F5C331D1BA5C6BB00C0FF31 /* Rotten_TomatoesTests.swift */; };
		4F5C33281BA5C74C00C0FF31 /* MoviesViewController.swift in Sources */ = {isa = PBXBuildFile; fileRef = 4F5C33271BA5C74C00C0FF31 /* MoviesViewController.swift */; };
		4F5C332B1BA5D47500C0FF31 /* rottentomatoes.json in Resources */ = {isa = PBXBuildFile; fileRef = 4F5C332A1BA5D47500C0FF31 /* rottentomatoes.json */; };
		4F5C332E1BA5EF3100C0FF31 /* MovieCell.swift in Sources */ = {isa = PBXBuildFile; fileRef = 4F5C332D1BA5EF3100C0FF31 /* MovieCell.swift */; };
/* End PBXBuildFile section */

/* Begin PBXContainerItemProxy section */
		4F5C33181BA5C6BB00C0FF31 /* PBXContainerItemProxy */ = {
			isa = PBXContainerItemProxy;
			containerPortal = 4F5C32FA1BA5C6BB00C0FF31 /* Project object */;
			proxyType = 1;
			remoteGlobalIDString = 4F5C33011BA5C6BB00C0FF31;
			remoteInfo = "Rotten Tomatoes";
		};
/* End PBXContainerItemProxy section */

/* Begin PBXFileReference section */
		4F1AD9D91BA6006600E3D08A /* Rotten Tomatoes-Bridging-Header.h */ = {isa = PBXFileReference; lastKnownFileType = sourcecode.c.h; path = "Rotten Tomatoes-Bridging-Header.h"; sourceTree = "<group>"; };
		4F5C33021BA5C6BB00C0FF31 /* Rotten Tomatoes.app */ = {isa = PBXFileReference; explicitFileType = wrapper.application; includeInIndex = 0; path = "Rotten Tomatoes.app"; sourceTree = BUILT_PRODUCTS_DIR; };
		4F5C33061BA5C6BB00C0FF31 /* Info.plist */ = {isa = PBXFileReference; lastKnownFileType = text.plist.xml; path = Info.plist; sourceTree = "<group>"; };
		4F5C33071BA5C6BB00C0FF31 /* AppDelegate.swift */ = {isa = PBXFileReference; lastKnownFileType = sourcecode.swift; path = AppDelegate.swift; sourceTree = "<group>"; };
		4F5C330C1BA5C6BB00C0FF31 /* Base */ = {isa = PBXFileReference; lastKnownFileType = file.storyboard; name = Base; path = Base.lproj/Main.storyboard; sourceTree = "<group>"; };
		4F5C330E1BA5C6BB00C0FF31 /* Images.xcassets */ = {isa = PBXFileReference; lastKnownFileType = folder.assetcatalog; path = Images.xcassets; sourceTree = "<group>"; };
		4F5C33111BA5C6BB00C0FF31 /* Base */ = {isa = PBXFileReference; lastKnownFileType = file.xib; name = Base; path = Base.lproj/LaunchScreen.xib; sourceTree = "<group>"; };
		4F5C33171BA5C6BB00C0FF31 /* Rotten TomatoesTests.xctest */ = {isa = PBXFileReference; explicitFileType = wrapper.cfbundle; includeInIndex = 0; path = "Rotten TomatoesTests.xctest"; sourceTree = BUILT_PRODUCTS_DIR; };
		4F5C331C1BA5C6BB00C0FF31 /* Info.plist */ = {isa = PBXFileReference; lastKnownFileType = text.plist.xml; path = Info.plist; sourceTree = "<group>"; };
		4F5C331D1BA5C6BB00C0FF31 /* Rotten_TomatoesTests.swift */ = {isa = PBXFileReference; lastKnownFileType = sourcecode.swift; path = Rotten_TomatoesTests.swift; sourceTree = "<group>"; };
		4F5C33271BA5C74C00C0FF31 /* MoviesViewController.swift */ = {isa = PBXFileReference; fileEncoding = 4; lastKnownFileType = sourcecode.swift; path = MoviesViewController.swift; sourceTree = "<group>"; };
		4F5C332A1BA5D47500C0FF31 /* rottentomatoes.json */ = {isa = PBXFileReference; fileEncoding = 4; lastKnownFileType = text.json; path = rottentomatoes.json; sourceTree = "<group>"; };
		4F5C332D1BA5EF3100C0FF31 /* MovieCell.swift */ = {isa = PBXFileReference; fileEncoding = 4; lastKnownFileType = sourcecode.swift; path = MovieCell.swift; sourceTree = "<group>"; };
/* End PBXFileReference section */

/* Begin PBXFrameworksBuildPhase section */
		4F5C32FF1BA5C6BB00C0FF31 /* Frameworks */ = {
			isa = PBXFrameworksBuildPhase;
			buildActionMask = 2147483647;
			files = (
			);
			runOnlyForDeploymentPostprocessing = 0;
		};
		4F5C33141BA5C6BB00C0FF31 /* Frameworks */ = {
			isa = PBXFrameworksBuildPhase;
			buildActionMask = 2147483647;
			files = (
			);
			runOnlyForDeploymentPostprocessing = 0;
		};
/* End PBXFrameworksBuildPhase section */

/* Begin PBXGroup section */
		4F5C32F91BA5C6BB00C0FF31 = {
			isa = PBXGroup;
			children = (
				4F5C33041BA5C6BB00C0FF31 /* Rotten Tomatoes */,
				4F5C331A1BA5C6BB00C0FF31 /* Rotten TomatoesTests */,
				4F5C33031BA5C6BB00C0FF31 /* Products */,
				D33A808456243C6C8A326A29 /* Frameworks */,
			);
			sourceTree = "<group>";
		};
		4F5C33031BA5C6BB00C0FF31 /* Products */ = {
			isa = PBXGroup;
			children = (
				4F5C33021BA5C6BB00C0FF31 /* Rotten Tomatoes.app */,
				4F5C33171BA5C6BB00C0FF31 /* Rotten TomatoesTests.xctest */,
			);
			name = Products;
			sourceTree = "<group>";
		};
		4F5C33041BA5C6BB00C0FF31 /* Rotten Tomatoes */ = {
			isa = PBXGroup;
			children = (
				4F5C332C1BA5EEC200C0FF31 /* View */,
				4F5C33291BA5C76C00C0FF31 /* ViewController */,
				4F5C33071BA5C6BB00C0FF31 /* AppDelegate.swift */,
				4F5C330B1BA5C6BB00C0FF31 /* Main.storyboard */,
				4F5C330E1BA5C6BB00C0FF31 /* Images.xcassets */,
				4F5C33101BA5C6BB00C0FF31 /* LaunchScreen.xib */,
				4F5C33051BA5C6BB00C0FF31 /* Supporting Files */,
				4F5C332A1BA5D47500C0FF31 /* rottentomatoes.json */,
				4F1AD9D91BA6006600E3D08A /* Rotten Tomatoes-Bridging-Header.h */,
			);
			path = "Rotten Tomatoes";
			sourceTree = "<group>";
		};
		4F5C33051BA5C6BB00C0FF31 /* Supporting Files */ = {
			isa = PBXGroup;
			children = (
				4F5C33061BA5C6BB00C0FF31 /* Info.plist */,
			);
			name = "Supporting Files";
			sourceTree = "<group>";
		};
		4F5C331A1BA5C6BB00C0FF31 /* Rotten TomatoesTests */ = {
			isa = PBXGroup;
			children = (
				4F5C331D1BA5C6BB00C0FF31 /* Rotten_TomatoesTests.swift */,
				4F5C331B1BA5C6BB00C0FF31 /* Supporting Files */,
			);
			path = "Rotten TomatoesTests";
			sourceTree = "<group>";
		};
		4F5C331B1BA5C6BB00C0FF31 /* Supporting Files */ = {
			isa = PBXGroup;
			children = (
				4F5C331C1BA5C6BB00C0FF31 /* Info.plist */,
			);
			name = "Supporting Files";
			sourceTree = "<group>";
		};
		4F5C33291BA5C76C00C0FF31 /* ViewController */ = {
			isa = PBXGroup;
			children = (
				4F5C33271BA5C74C00C0FF31 /* MoviesViewController.swift */,
			);
			name = ViewController;
			sourceTree = "<group>";
		};
		4F5C332C1BA5EEC200C0FF31 /* View */ = {
			isa = PBXGroup;
			children = (
				4F5C332D1BA5EF3100C0FF31 /* MovieCell.swift */,
			);
			name = View;
			sourceTree = "<group>";
		};
		D33A808456243C6C8A326A29 /* Frameworks */ = {
			isa = PBXGroup;
			children = (
			);
			name = Frameworks;
			sourceTree = "<group>";
		};
/* End PBXGroup section */

/* Begin PBXNativeTarget section */
		4F5C33011BA5C6BB00C0FF31 /* Rotten Tomatoes */ = {
			isa = PBXNativeTarget;
			buildConfigurationList = 4F5C33211BA5C6BB00C0FF31 /* Build configuration list for PBXNativeTarget "Rotten Tomatoes" */;
			buildPhases = (
				4F5C32FE1BA5C6BB00C0FF31 /* Sources */,
				4F5C32FF1BA5C6BB00C0FF31 /* Frameworks */,
				4F5C33001BA5C6BB00C0FF31 /* Resources */,
			);
			buildRules = (
			);
			dependencies = (
			);
			name = "Rotten Tomatoes";
			productName = "Rotten Tomatoes";
			productReference = 4F5C33021BA5C6BB00C0FF31 /* Rotten Tomatoes.app */;
			productType = "com.apple.product-type.application";
		};
		4F5C33161BA5C6BB00C0FF31 /* Rotten TomatoesTests */ = {
			isa = PBXNativeTarget;
			buildConfigurationList = 4F5C33241BA5C6BB00C0FF31 /* Build configuration list for PBXNativeTarget "Rotten TomatoesTests" */;
			buildPhases = (
				4F5C33131BA5C6BB00C0FF31 /* Sources */,
				4F5C33141BA5C6BB00C0FF31 /* Frameworks */,
				4F5C33151BA5C6BB00C0FF31 /* Resources */,
			);
			buildRules = (
			);
			dependencies = (
				4F5C33191BA5C6BB00C0FF31 /* PBXTargetDependency */,
			);
			name = "Rotten TomatoesTests";
			productName = "Rotten TomatoesTests";
			productReference = 4F5C33171BA5C6BB00C0FF31 /* Rotten TomatoesTests.xctest */;
			productType = "com.apple.product-type.bundle.unit-test";
		};
/* End PBXNativeTarget section */

/* Begin PBXProject section */
		4F5C32FA1BA5C6BB00C0FF31 /* Project object */ = {
			isa = PBXProject;
			attributes = {
				LastUpgradeCheck = 0620;
				ORGANIZATIONNAME = Mukundan;
				TargetAttributes = {
					4F5C33011BA5C6BB00C0FF31 = {
						CreatedOnToolsVersion = 6.2;
					};
					4F5C33161BA5C6BB00C0FF31 = {
						CreatedOnToolsVersion = 6.2;
						TestTargetID = 4F5C33011BA5C6BB00C0FF31;
					};
				};
			};
			buildConfigurationList = 4F5C32FD1BA5C6BB00C0FF31 /* Build configuration list for PBXProject "Rotten Tomatoes" */;
			compatibilityVersion = "Xcode 3.2";
			developmentRegion = English;
			hasScannedForEncodings = 0;
			knownRegions = (
				en,
				Base,
			);
			mainGroup = 4F5C32F91BA5C6BB00C0FF31;
			productRefGroup = 4F5C33031BA5C6BB00C0FF31 /* Products */;
			projectDirPath = "";
			projectRoot = "";
			targets = (
				4F5C33011BA5C6BB00C0FF31 /* Rotten Tomatoes */,
				4F5C33161BA5C6BB00C0FF31 /* Rotten TomatoesTests */,
			);
		};
/* End PBXProject section */

/* Begin PBXResourcesBuildPhase section */
		4F5C33001BA5C6BB00C0FF31 /* Resources */ = {
			isa = PBXResourcesBuildPhase;
			buildActionMask = 2147483647;
			files = (
				4F5C330D1BA5C6BB00C0FF31 /* Main.storyboard in Resources */,
				4F5C33121BA5C6BB00C0FF31 /* LaunchScreen.xib in Resources */,
				4F5C330F1BA5C6BB00C0FF31 /* Images.xcassets in Resources */,
				4F5C332B1BA5D47500C0FF31 /* rottentomatoes.json in Resources */,
			);
			runOnlyForDeploymentPostprocessing = 0;
		};
		4F5C33151BA5C6BB00C0FF31 /* Resources */ = {
			isa = PBXResourcesBuildPhase;
			buildActionMask = 2147483647;
			files = (
			);
			runOnlyForDeploymentPostprocessing = 0;
		};
/* End PBXResourcesBuildPhase section */

/* Begin PBXSourcesBuildPhase section */
		4F5C32FE1BA5C6BB00C0FF31 /* Sources */ = {
			isa = PBXSourcesBuildPhase;
			buildActionMask = 2147483647;
			files = (
				4F5C33081BA5C6BB00C0FF31 /* AppDelegate.swift in Sources */,
				4F5C33281BA5C74C00C0FF31 /* MoviesViewController.swift in Sources */,
				4F5C332E1BA5EF3100C0FF31 /* MovieCell.swift in Sources */,
			);
			runOnlyForDeploymentPostprocessing = 0;
		};
		4F5C33131BA5C6BB00C0FF31 /* Sources */ = {
			isa = PBXSourcesBuildPhase;
			buildActionMask = 2147483647;
			files = (
				4F5C331E1BA5C6BB00C0FF31 /* Rotten_TomatoesTests.swift in Sources */,
			);
			runOnlyForDeploymentPostprocessing = 0;
		};
/* End PBXSourcesBuildPhase section */

/* Begin PBXTargetDependency section */
		4F5C33191BA5C6BB00C0FF31 /* PBXTargetDependency */ = {
			isa = PBXTargetDependency;
			target = 4F5C33011BA5C6BB00C0FF31 /* Rotten Tomatoes */;
			targetProxy = 4F5C33181BA5C6BB00C0FF31 /* PBXContainerItemProxy */;
		};
/* End PBXTargetDependency section */

/* Begin PBXVariantGroup section */
		4F5C330B1BA5C6BB00C0FF31 /* Main.storyboard */ = {
			isa = PBXVariantGroup;
			children = (
				4F5C330C1BA5C6BB00C0FF31 /* Base */,
			);
			name = Main.storyboard;
			sourceTree = "<group>";
		};
		4F5C33101BA5C6BB00C0FF31 /* LaunchScreen.xib */ = {
			isa = PBXVariantGroup;
			children = (
				4F5C33111BA5C6BB00C0FF31 /* Base */,
			);
			name = LaunchScreen.xib;
			sourceTree = "<group>";
		};
/* End PBXVariantGroup section */

/* Begin XCBuildConfiguration section */
		4F5C331F1BA5C6BB00C0FF31 /* Debug */ = {
			isa = XCBuildConfiguration;
			buildSettings = {
				ALWAYS_SEARCH_USER_PATHS = NO;
				CLANG_CXX_LANGUAGE_STANDARD = "gnu++0x";
				CLANG_CXX_LIBRARY = "libc++";
				CLANG_ENABLE_MODULES = YES;
				CLANG_ENABLE_OBJC_ARC = YES;
				CLANG_WARN_BOOL_CONVERSION = YES;
				CLANG_WARN_CONSTANT_CONVERSION = YES;
				CLANG_WARN_DIRECT_OBJC_ISA_USAGE = YES_ERROR;
				CLANG_WARN_EMPTY_BODY = YES;
				CLANG_WARN_ENUM_CONVERSION = YES;
				CLANG_WARN_INT_CONVERSION = YES;
				CLANG_WARN_OBJC_ROOT_CLASS = YES_ERROR;
				CLANG_WARN_UNREACHABLE_CODE = YES;
				CLANG_WARN__DUPLICATE_METHOD_MATCH = YES;
				"CODE_SIGN_IDENTITY[sdk=iphoneos*]" = "iPhone Developer";
				COPY_PHASE_STRIP = NO;
				ENABLE_STRICT_OBJC_MSGSEND = YES;
				GCC_C_LANGUAGE_STANDARD = gnu99;
				GCC_DYNAMIC_NO_PIC = NO;
				GCC_OPTIMIZATION_LEVEL = 0;
				GCC_PREPROCESSOR_DEFINITIONS = (
					"DEBUG=1",
					"$(inherited)",
				);
				GCC_SYMBOLS_PRIVATE_EXTERN = NO;
				GCC_WARN_64_TO_32_BIT_CONVERSION = YES;
				GCC_WARN_ABOUT_RETURN_TYPE = YES_ERROR;
				GCC_WARN_UNDECLARED_SELECTOR = YES;
				GCC_WARN_UNINITIALIZED_AUTOS = YES_AGGRESSIVE;
				GCC_WARN_UNUSED_FUNCTION = YES;
				GCC_WARN_UNUSED_VARIABLE = YES;
				IPHONEOS_DEPLOYMENT_TARGET = 8.2;
				MTL_ENABLE_DEBUG_INFO = YES;
				ONLY_ACTIVE_ARCH = YES;
				SDKROOT = iphoneos;
				SWIFT_OPTIMIZATION_LEVEL = "-Onone";
			};
			name = Debug;
		};
		4F5C33201BA5C6BB00C0FF31 /* Release */ = {
			isa = XCBuildConfiguration;
			buildSettings = {
				ALWAYS_SEARCH_USER_PATHS = NO;
				CLANG_CXX_LANGUAGE_STANDARD = "gnu++0x";
				CLANG_CXX_LIBRARY = "libc++";
				CLANG_ENABLE_MODULES = YES;
				CLANG_ENABLE_OBJC_ARC = YES;
				CLANG_WARN_BOOL_CONVERSION = YES;
				CLANG_WARN_CONSTANT_CONVERSION = YES;
				CLANG_WARN_DIRECT_OBJC_ISA_USAGE = YES_ERROR;
				CLANG_WARN_EMPTY_BODY = YES;
				CLANG_WARN_ENUM_CONVERSION = YES;
				CLANG_WARN_INT_CONVERSION = YES;
				CLANG_WARN_OBJC_ROOT_CLASS = YES_ERROR;
				CLANG_WARN_UNREACHABLE_CODE = YES;
				CLANG_WARN__DUPLICATE_METHOD_MATCH = YES;
				"CODE_SIGN_IDENTITY[sdk=iphoneos*]" = "iPhone Developer";
				COPY_PHASE_STRIP = NO;
				ENABLE_NS_ASSERTIONS = NO;
				ENABLE_STRICT_OBJC_MSGSEND = YES;
				GCC_C_LANGUAGE_STANDARD = gnu99;
				GCC_WARN_64_TO_32_BIT_CONVERSION = YES;
				GCC_WARN_ABOUT_RETURN_TYPE = YES_ERROR;
				GCC_WARN_UNDECLARED_SELECTOR = YES;
				GCC_WARN_UNINITIALIZED_AUTOS = YES_AGGRESSIVE;
				GCC_WARN_UNUSED_FUNCTION = YES;
				GCC_WARN_UNUSED_VARIABLE = YES;
				IPHONEOS_DEPLOYMENT_TARGET = 8.2;
				MTL_ENABLE_DEBUG_INFO = NO;
				SDKROOT = iphoneos;
				VALIDATE_PRODUCT = YES;
			};
			name = Release;
		};
		4F5C33221BA5C6BB00C0FF31 /* Debug */ = {
			isa = XCBuildConfiguration;
			buildSettings = {
				ASSETCATALOG_COMPILER_APPICON_NAME = AppIcon;
				CLANG_ENABLE_MODULES = YES;
				INFOPLIST_FILE = "Rotten Tomatoes/Info.plist";
				LD_RUNPATH_SEARCH_PATHS = "$(inherited) @executable_path/Frameworks";
				PRODUCT_NAME = "$(TARGET_NAME)";
				SWIFT_OBJC_BRIDGING_HEADER = "Rotten Tomatoes/Rotten Tomatoes-Bridging-Header.h";
				SWIFT_OPTIMIZATION_LEVEL = "-Onone";
			};
			name = Debug;
		};
		4F5C33231BA5C6BB00C0FF31 /* Release */ = {
			isa = XCBuildConfiguration;
			buildSettings = {
				ASSETCATALOG_COMPILER_APPICON_NAME = AppIcon;
				CLANG_ENABLE_MODULES = YES;
				INFOPLIST_FILE = "Rotten Tomatoes/Info.plist";
				LD_RUNPATH_SEARCH_PATHS = "$(inherited) @executable_path/Frameworks";
				PRODUCT_NAME = "$(TARGET_NAME)";
				SWIFT_OBJC_BRIDGING_HEADER = "Rotten Tomatoes/Rotten Tomatoes-Bridging-Header.h";
			};
			name = Release;
		};
		4F5C33251BA5C6BB00C0FF31 /* Debug */ = {
			isa = XCBuildConfiguration;
			buildSettings = {
				BUNDLE_LOADER = "$(TEST_HOST)";
				FRAMEWORK_SEARCH_PATHS = (
					"$(SDKROOT)/Developer/Library/Frameworks",
					"$(inherited)",
				);
				GCC_PREPROCESSOR_DEFINITIONS = (
					"DEBUG=1",
					"$(inherited)",
				);
				INFOPLIST_FILE = "Rotten TomatoesTests/Info.plist";
				LD_RUNPATH_SEARCH_PATHS = "$(inherited) @executable_path/Frameworks @loader_path/Frameworks";
				PRODUCT_NAME = "$(TARGET_NAME)";
				TEST_HOST = "$(BUILT_PRODUCTS_DIR)/Rotten Tomatoes.app/Rotten Tomatoes";
			};
			name = Debug;
		};
		4F5C33261BA5C6BB00C0FF31 /* Release */ = {
			isa = XCBuildConfiguration;
			buildSettings = {
				BUNDLE_LOADER = "$(TEST_HOST)";
				FRAMEWORK_SEARCH_PATHS = (
					"$(SDKROOT)/Developer/Library/Frameworks",
					"$(inherited)",
				);
				INFOPLIST_FILE = "Rotten TomatoesTests/Info.plist";
				LD_RUNPATH_SEARCH_PATHS = "$(inherited) @executable_path/Frameworks @loader_path/Frameworks";
				PRODUCT_NAME = "$(TARGET_NAME)";
				TEST_HOST = "$(BUILT_PRODUCTS_DIR)/Rotten Tomatoes.app/Rotten Tomatoes";
			};
			name = Release;
		};
/* End XCBuildConfiguration section */

/* Begin XCConfigurationList section */
		4F5C32FD1BA5C6BB00C0FF31 /* Build configuration list for PBXProject "Rotten Tomatoes" */ = {
			isa = XCConfigurationList;
			buildConfigurations = (
				4F5C331F1BA5C6BB00C0FF31 /* Debug */,
				4F5C33201BA5C6BB00C0FF31 /* Release */,
			);
			defaultConfigurationIsVisible = 0;
			defaultConfigurationName = Release;
		};
		4F5C33211BA5C6BB00C0FF31 /* Build configuration list for PBXNativeTarget "Rotten Tomatoes" */ = {
			isa = XCConfigurationList;
			buildConfigurations = (
				4F5C33221BA5C6BB00C0FF31 /* Debug */,
				4F5C33231BA5C6BB00C0FF31 /* Release */,
			);
			defaultConfigurationIsVisible = 0;
			defaultConfigurationName = Release;
		};
		4F5C33241BA5C6BB00C0FF31 /* Build configuration list for PBXNativeTarget "Rotten TomatoesTests" */ = {
			isa = XCConfigurationList;
			buildConfigurations = (
				4F5C33251BA5C6BB00C0FF31 /* Debug */,
				4F5C33261BA5C6BB00C0FF31 /* Release */,
			);
			defaultConfigurationIsVisible = 0;
			defaultConfigurationName = Release;
		};
/* End XCConfigurationList section */
	};
	rootObject = 4F5C32FA1BA5C6BB00C0FF31 /* Project object */;
}
